
Microsoft Visual Studio Solution File, Format Version 11.00
# Visual Studio 2010
Project("{FAE04EC0-301F-11D3-BF4B-00C04F79EFBC}") = "Sayı Tahmini Oyunu", "Assembly-CSharp.csproj", "{DA48AFB6-36C4-5510-C6C0-CDBED5F59BA3}"
EndProject
Global
	GlobalSection(SolutionConfigurationPlatforms) = preSolution
		Debug|Any CPU = Debug|Any CPU
		Release|Any CPU = Release|Any CPU
	EndGlobalSection
	GlobalSection(ProjectConfigurationPlatforms) = postSolution
		{DA48AFB6-36C4-5510-C6C0-CDBED5F59BA3}.Debug|Any CPU.ActiveCfg = Debug|Any CPU
		{DA48AFB6-36C4-5510-C6C0-CDBED5F59BA3}.Debug|Any CPU.Build.0 = Debug|Any CPU
		{DA48AFB6-36C4-5510-C6C0-CDBED5F59BA3}.Release|Any CPU.ActiveCfg = Release|Any CPU
		{DA48AFB6-36C4-5510-C6C0-CDBED5F59BA3}.Release|Any CPU.Build.0 = Release|Any CPU
	EndGlobalSection
	GlobalSection(SolutionProperties) = preSolution
		HideSolutionNode = FALSE
	EndGlobalSection
	GlobalSection(MonoDevelopProperties) = preSolution
		StartupItem = Assembly-CSharp.csproj
	EndGlobalSection
EndGlobal
